
Microsoft Visual Studio Solution File, Format Version 12.00
# Visual Studio Version 17
VisualStudioVersion = 17.1.32328.378
MinimumVisualStudioVersion = 10.0.40219.1
Project("{FAE04EC0-301F-11D3-BF4B-00C04F79EFBC}") = "Semana04DPAConsole.CodeFirst", "Semana04DPAConsole.CodeFirst\Semana04DPAConsole.CodeFirst.csproj", "{EBDA33A6-395C-4E49-8CE2-4FBB4EE6EE8F}"
EndProject
Project("{FAE04EC0-301F-11D3-BF4B-00C04F79EFBC}") = "Semana04DPAConsole.DatabaseFirst", "Semana04DPAConsole.DatabaseFirst\Semana04DPAConsole.DatabaseFirst.csproj", "{2FFC3157-A5EA-4DD8-94AD-2BFE7EF3FD60}"
EndProject
Global
	GlobalSection(SolutionConfigurationPlatforms) = preSolution
		Debug|Any CPU = Debug|Any CPU
		Release|Any CPU = Release|Any CPU
	EndGlobalSection
	GlobalSection(ProjectConfigurationPlatforms) = postSolution
		{EBDA33A6-395C-4E49-8CE2-4FBB4EE6EE8F}.Debug|Any CPU.ActiveCfg = Debug|Any CPU
		{EBDA33A6-395C-4E49-8CE2-4FBB4EE6EE8F}.Debug|Any CPU.Build.0 = Debug|Any CPU
		{EBDA33A6-395C-4E49-8CE2-4FBB4EE6EE8F}.Release|Any CPU.ActiveCfg = Release|Any CPU
		{EBDA33A6-395C-4E49-8CE2-4FBB4EE6EE8F}.Release|Any CPU.Build.0 = Release|Any CPU
		{2FFC3157-A5EA-4DD8-94AD-2BFE7EF3FD60}.Debug|Any CPU.ActiveCfg = Debug|Any CPU
		{2FFC3157-A5EA-4DD8-94AD-2BFE7EF3FD60}.Debug|Any CPU.Build.0 = Debug|Any CPU
		{2FFC3157-A5EA-4DD8-94AD-2BFE7EF3FD60}.Release|Any CPU.ActiveCfg = Release|Any CPU
		{2FFC3157-A5EA-4DD8-94AD-2BFE7EF3FD60}.Release|Any CPU.Build.0 = Release|Any CPU
	EndGlobalSection
	GlobalSection(SolutionProperties) = preSolution
		HideSolutionNode = FALSE
	EndGlobalSection
	GlobalSection(ExtensibilityGlobals) = postSolution
		SolutionGuid = {A763AE65-CAED-41B6-84D7-E77F51139FFE}
	EndGlobalSection
EndGlobal
